
Microsoft Visual Studio Solution File, Format Version 12.00
# Visual Studio Version 16
VisualStudioVersion = 16.0.30320.27
MinimumVisualStudioVersion = 10.0.40219.1
Project("{9A19103F-16F7-4668-BE54-9A1E7A4F7556}") = "single-page-react", "single-page-react.csproj", "{56EBC3D0-D262-4F8E-BCB6-32E4EB88E68C}"
EndProject
Global
	GlobalSection(SolutionConfigurationPlatforms) = preSolution
		Debug|Any CPU = Debug|Any CPU
		Release|Any CPU = Release|Any CPU
	EndGlobalSection
	GlobalSection(ProjectConfigurationPlatforms) = postSolution
		{56EBC3D0-D262-4F8E-BCB6-32E4EB88E68C}.Debug|Any CPU.ActiveCfg = Debug|Any CPU
		{56EBC3D0-D262-4F8E-BCB6-32E4EB88E68C}.Debug|Any CPU.Build.0 = Debug|Any CPU
		{56EBC3D0-D262-4F8E-BCB6-32E4EB88E68C}.Release|Any CPU.ActiveCfg = Release|Any CPU
		{56EBC3D0-D262-4F8E-BCB6-32E4EB88E68C}.Release|Any CPU.Build.0 = Release|Any CPU
	EndGlobalSection
	GlobalSection(SolutionProperties) = preSolution
		HideSolutionNode = FALSE
	EndGlobalSection
	GlobalSection(ExtensibilityGlobals) = postSolution
		SolutionGuid = {AA6D677C-D8CB-4A3E-A257-7C23832DFE5F}
	EndGlobalSection
EndGlobal
